// !$*UTF8*$!
{
	archiveVersion = 1;
	classes = {
	};
	objectVersion = 56;
	objects = {

/* Begin PBXBuildFile section */
		1459A66228ED6DF500701EC9 /* MyAssetsApp.swift in Sources */ = {isa = PBXBuildFile; fileRef = 1459A66128ED6DF500701EC9 /* MyAssetsApp.swift */; };
		1459A66428ED6DF500701EC9 /* ContentView.swift in Sources */ = {isa = PBXBuildFile; fileRef = 1459A66328ED6DF500701EC9 /* ContentView.swift */; };
		1459A66628ED6DF700701EC9 /* Assets.xcassets in Resources */ = {isa = PBXBuildFile; fileRef = 1459A66528ED6DF700701EC9 /* Assets.xcassets */; };
		1459A66928ED6DF700701EC9 /* Preview Assets.xcassets in Resources */ = {isa = PBXBuildFile; fileRef = 1459A66828ED6DF700701EC9 /* Preview Assets.xcassets */; };
		1459A67028ED728E00701EC9 /* NavigationBarWithButton.swift in Sources */ = {isa = PBXBuildFile; fileRef = 1459A66F28ED728E00701EC9 /* NavigationBarWithButton.swift */; };
		1459A67228ED7BC600701EC9 /* AssetMenu.swift in Sources */ = {isa = PBXBuildFile; fileRef = 1459A67128ED7BC600701EC9 /* AssetMenu.swift */; };
		1459A67428ED7E4B00701EC9 /* AssetMenuButtonStyle.swift in Sources */ = {isa = PBXBuildFile; fileRef = 1459A67328ED7E4B00701EC9 /* AssetMenuButtonStyle.swift */; };
		1459A67628ED822A00701EC9 /* AssetMenuGridView.swift in Sources */ = {isa = PBXBuildFile; fileRef = 1459A67528ED822A00701EC9 /* AssetMenuGridView.swift */; };
		1459A67828EEA8C900701EC9 /* AssetView.swift in Sources */ = {isa = PBXBuildFile; fileRef = 1459A67728EEA8C900701EC9 /* AssetView.swift */; };
		1459A67A28EEADBA00701EC9 /* AssetBanner.swift in Sources */ = {isa = PBXBuildFile; fileRef = 1459A67928EEADBA00701EC9 /* AssetBanner.swift */; };
		1459A67D28EEAE1200701EC9 /* BannerCard.swift in Sources */ = {isa = PBXBuildFile; fileRef = 1459A67C28EEAE1200701EC9 /* BannerCard.swift */; };
		1459A68028EEB07900701EC9 /* PageViewController.swift in Sources */ = {isa = PBXBuildFile; fileRef = 1459A67F28EEB07900701EC9 /* PageViewController.swift */; };
		1459A68228EEB8C600701EC9 /* PageControl.swift in Sources */ = {isa = PBXBuildFile; fileRef = 1459A68128EEB8C600701EC9 /* PageControl.swift */; };
		1459A68428EEBB8F00701EC9 /* AssetBannerView.swift in Sources */ = {isa = PBXBuildFile; fileRef = 1459A68328EEBB8F00701EC9 /* AssetBannerView.swift */; };
/* End PBXBuildFile section */

/* Begin PBXFileReference section */
		1459A65E28ED6DF500701EC9 /* MyAssets.app */ = {isa = PBXFileReference; explicitFileType = wrapper.application; includeInIndex = 0; path = MyAssets.app; sourceTree = BUILT_PRODUCTS_DIR; };
		1459A66128ED6DF500701EC9 /* MyAssetsApp.swift */ = {isa = PBXFileReference; lastKnownFileType = sourcecode.swift; path = MyAssetsApp.swift; sourceTree = "<group>"; };
		1459A66328ED6DF500701EC9 /* ContentView.swift */ = {isa = PBXFileReference; lastKnownFileType = sourcecode.swift; path = ContentView.swift; sourceTree = "<group>"; };
		1459A66528ED6DF700701EC9 /* Assets.xcassets */ = {isa = PBXFileReference; lastKnownFileType = folder.assetcatalog; path = Assets.xcassets; sourceTree = "<group>"; };
		1459A66828ED6DF700701EC9 /* Preview Assets.xcassets */ = {isa = PBXFileReference; lastKnownFileType = folder.assetcatalog; path = "Preview Assets.xcassets"; sourceTree = "<group>"; };
		1459A66F28ED728E00701EC9 /* NavigationBarWithButton.swift */ = {isa = PBXFileReference; lastKnownFileType = sourcecode.swift; path = NavigationBarWithButton.swift; sourceTree = "<group>"; };
		1459A67128ED7BC600701EC9 /* AssetMenu.swift */ = {isa = PBXFileReference; lastKnownFileType = sourcecode.swift; path = AssetMenu.swift; sourceTree = "<group>"; };
		1459A67328ED7E4B00701EC9 /* AssetMenuButtonStyle.swift */ = {isa = PBXFileReference; lastKnownFileType = sourcecode.swift; path = AssetMenuButtonStyle.swift; sourceTree = "<group>"; };
		1459A67528ED822A00701EC9 /* AssetMenuGridView.swift */ = {isa = PBXFileReference; lastKnownFileType = sourcecode.swift; path = AssetMenuGridView.swift; sourceTree = "<group>"; };
		1459A67728EEA8C900701EC9 /* AssetView.swift */ = {isa = PBXFileReference; lastKnownFileType = sourcecode.swift; path = AssetView.swift; sourceTree = "<group>"; };
		1459A67928EEADBA00701EC9 /* AssetBanner.swift */ = {isa = PBXFileReference; lastKnownFileType = sourcecode.swift; path = AssetBanner.swift; sourceTree = "<group>"; };
		1459A67C28EEAE1200701EC9 /* BannerCard.swift */ = {isa = PBXFileReference; lastKnownFileType = sourcecode.swift; path = BannerCard.swift; sourceTree = "<group>"; };
		1459A67F28EEB07900701EC9 /* PageViewController.swift */ = {isa = PBXFileReference; lastKnownFileType = sourcecode.swift; path = PageViewController.swift; sourceTree = "<group>"; };
		1459A68128EEB8C600701EC9 /* PageControl.swift */ = {isa = PBXFileReference; lastKnownFileType = sourcecode.swift; path = PageControl.swift; sourceTree = "<group>"; };
		1459A68328EEBB8F00701EC9 /* AssetBannerView.swift */ = {isa = PBXFileReference; lastKnownFileType = sourcecode.swift; path = AssetBannerView.swift; sourceTree = "<group>"; };
/* End PBXFileReference section */

/* Begin PBXFrameworksBuildPhase section */
		1459A65B28ED6DF500701EC9 /* Frameworks */ = {
			isa = PBXFrameworksBuildPhase;
			buildActionMask = 2147483647;
			files = (
			);
			runOnlyForDeploymentPostprocessing = 0;
		};
/* End PBXFrameworksBuildPhase section */

/* Begin PBXGroup section */
		1459A65528ED6DF500701EC9 = {
			isa = PBXGroup;
			children = (
				1459A66028ED6DF500701EC9 /* MyAssets */,
				1459A65F28ED6DF500701EC9 /* Products */,
			);
			sourceTree = "<group>";
		};
		1459A65F28ED6DF500701EC9 /* Products */ = {
			isa = PBXGroup;
			children = (
				1459A65E28ED6DF500701EC9 /* MyAssets.app */,
			);
			name = Products;
			sourceTree = "<group>";
		};
		1459A66028ED6DF500701EC9 /* MyAssets */ = {
			isa = PBXGroup;
			children = (
				1459A67B28EEADC200701EC9 /* Entities */,
				1459A66128ED6DF500701EC9 /* MyAssetsApp.swift */,
				1459A67728EEA8C900701EC9 /* AssetView.swift */,
				1459A68528EEBBA700701EC9 /* AssetBannerView */,
				1459A66328ED6DF500701EC9 /* ContentView.swift */,
				1459A66F28ED728E00701EC9 /* NavigationBarWithButton.swift */,
				1459A67E28EEAE2B00701EC9 /* AssetMemu */,
				1459A66528ED6DF700701EC9 /* Assets.xcassets */,
				1459A66728ED6DF700701EC9 /* Preview Content */,
			);
			path = MyAssets;
			sourceTree = "<group>";
		};
		1459A66728ED6DF700701EC9 /* Preview Content */ = {
			isa = PBXGroup;
			children = (
				1459A66828ED6DF700701EC9 /* Preview Assets.xcassets */,
			);
			path = "Preview Content";
			sourceTree = "<group>";
		};
		1459A67B28EEADC200701EC9 /* Entities */ = {
			isa = PBXGroup;
			children = (
				1459A67128ED7BC600701EC9 /* AssetMenu.swift */,
				1459A67928EEADBA00701EC9 /* AssetBanner.swift */,
			);
			path = Entities;
			sourceTree = "<group>";
		};
		1459A67E28EEAE2B00701EC9 /* AssetMemu */ = {
			isa = PBXGroup;
			children = (
				1459A67328ED7E4B00701EC9 /* AssetMenuButtonStyle.swift */,
				1459A67528ED822A00701EC9 /* AssetMenuGridView.swift */,
			);
			path = AssetMemu;
			sourceTree = "<group>";
		};
		1459A68528EEBBA700701EC9 /* AssetBannerView */ = {
			isa = PBXGroup;
			children = (
				1459A68328EEBB8F00701EC9 /* AssetBannerView.swift */,
				1459A67C28EEAE1200701EC9 /* BannerCard.swift */,
				1459A67F28EEB07900701EC9 /* PageViewController.swift */,
				1459A68128EEB8C600701EC9 /* PageControl.swift */,
			);
			path = AssetBannerView;
			sourceTree = "<group>";
		};
/* End PBXGroup section */

/* Begin PBXNativeTarget section */
		1459A65D28ED6DF500701EC9 /* MyAssets */ = {
			isa = PBXNativeTarget;
			buildConfigurationList = 1459A66C28ED6DF700701EC9 /* Build configuration list for PBXNativeTarget "MyAssets" */;
			buildPhases = (
				1459A65A28ED6DF500701EC9 /* Sources */,
				1459A65B28ED6DF500701EC9 /* Frameworks */,
				1459A65C28ED6DF500701EC9 /* Resources */,
			);
			buildRules = (
			);
			dependencies = (
			);
			name = MyAssets;
			productName = MyAssets;
			productReference = 1459A65E28ED6DF500701EC9 /* MyAssets.app */;
			productType = "com.apple.product-type.application";
		};
/* End PBXNativeTarget section */

/* Begin PBXProject section */
		1459A65628ED6DF500701EC9 /* Project object */ = {
			isa = PBXProject;
			attributes = {
				BuildIndependentTargetsInParallel = 1;
				LastSwiftUpdateCheck = 1400;
				LastUpgradeCheck = 1400;
				TargetAttributes = {
					1459A65D28ED6DF500701EC9 = {
						CreatedOnToolsVersion = 14.0.1;
					};
				};
			};
			buildConfigurationList = 1459A65928ED6DF500701EC9 /* Build configuration list for PBXProject "MyAssets" */;
			compatibilityVersion = "Xcode 14.0";
			developmentRegion = en;
			hasScannedForEncodings = 0;
			knownRegions = (
				en,
				Base,
			);
			mainGroup = 1459A65528ED6DF500701EC9;
			productRefGroup = 1459A65F28ED6DF500701EC9 /* Products */;
			projectDirPath = "";
			projectRoot = "";
			targets = (
				1459A65D28ED6DF500701EC9 /* MyAssets */,
			);
		};
/* End PBXProject section */

/* Begin PBXResourcesBuildPhase section */
		1459A65C28ED6DF500701EC9 /* Resources */ = {
			isa = PBXResourcesBuildPhase;
			buildActionMask = 2147483647;
			files = (
				1459A66928ED6DF700701EC9 /* Preview Assets.xcassets in Resources */,
				1459A66628ED6DF700701EC9 /* Assets.xcassets in Resources */,
			);
			runOnlyForDeploymentPostprocessing = 0;
		};
/* End PBXResourcesBuildPhase section */

/* Begin PBXSourcesBuildPhase section */
		1459A65A28ED6DF500701EC9 /* Sources */ = {
			isa = PBXSourcesBuildPhase;
			buildActionMask = 2147483647;
			files = (
				1459A67628ED822A00701EC9 /* AssetMenuGridView.swift in Sources */,
				1459A68028EEB07900701EC9 /* PageViewController.swift in Sources */,
				1459A67028ED728E00701EC9 /* NavigationBarWithButton.swift in Sources */,
				1459A67A28EEADBA00701EC9 /* AssetBanner.swift in Sources */,
				1459A67828EEA8C900701EC9 /* AssetView.swift in Sources */,
				1459A66428ED6DF500701EC9 /* ContentView.swift in Sources */,
				1459A66228ED6DF500701EC9 /* MyAssetsApp.swift in Sources */,
				1459A67228ED7BC600701EC9 /* AssetMenu.swift in Sources */,
				1459A68228EEB8C600701EC9 /* PageControl.swift in Sources */,
				1459A68428EEBB8F00701EC9 /* AssetBannerView.swift in Sources */,
				1459A67D28EEAE1200701EC9 /* BannerCard.swift in Sources */,
				1459A67428ED7E4B00701EC9 /* AssetMenuButtonStyle.swift in Sources */,
			);
			runOnlyForDeploymentPostprocessing = 0;
		};
/* End PBXSourcesBuildPhase section */

/* Begin XCBuildConfiguration section */
		1459A66A28ED6DF700701EC9 /* Debug */ = {
			isa = XCBuildConfiguration;
			buildSettings = {
				ALWAYS_SEARCH_USER_PATHS = NO;
				CLANG_ANALYZER_NONNULL = YES;
				CLANG_ANALYZER_NUMBER_OBJECT_CONVERSION = YES_AGGRESSIVE;
				CLANG_CXX_LANGUAGE_STANDARD = "gnu++20";
				CLANG_ENABLE_MODULES = YES;
				CLANG_ENABLE_OBJC_ARC = YES;
				CLANG_ENABLE_OBJC_WEAK = YES;
				CLANG_WARN_BLOCK_CAPTURE_AUTORELEASING = YES;
				CLANG_WARN_BOOL_CONVERSION = YES;
				CLANG_WARN_COMMA = YES;
				CLANG_WARN_CONSTANT_CONVERSION = YES;
				CLANG_WARN_DEPRECATED_OBJC_IMPLEMENTATIONS = YES;
				CLANG_WARN_DIRECT_OBJC_ISA_USAGE = YES_ERROR;
				CLANG_WARN_DOCUMENTATION_COMMENTS = YES;
				CLANG_WARN_EMPTY_BODY = YES;
				CLANG_WARN_ENUM_CONVERSION = YES;
				CLANG_WARN_INFINITE_RECURSION = YES;
				CLANG_WARN_INT_CONVERSION = YES;
				CLANG_WARN_NON_LITERAL_NULL_CONVERSION = YES;
				CLANG_WARN_OBJC_IMPLICIT_RETAIN_SELF = YES;
				CLANG_WARN_OBJC_LITERAL_CONVERSION = YES;
				CLANG_WARN_OBJC_ROOT_CLASS = YES_ERROR;
				CLANG_WARN_QUOTED_INCLUDE_IN_FRAMEWORK_HEADER = YES;
				CLANG_WARN_RANGE_LOOP_ANALYSIS = YES;
				CLANG_WARN_STRICT_PROTOTYPES = YES;
				CLANG_WARN_SUSPICIOUS_MOVE = YES;
				CLANG_WARN_UNGUARDED_AVAILABILITY = YES_AGGRESSIVE;
				CLANG_WARN_UNREACHABLE_CODE = YES;
				CLANG_WARN__DUPLICATE_METHOD_MATCH = YES;
				COPY_PHASE_STRIP = NO;
				DEBUG_INFORMATION_FORMAT = dwarf;
				ENABLE_STRICT_OBJC_MSGSEND = YES;
				ENABLE_TESTABILITY = YES;
				GCC_C_LANGUAGE_STANDARD = gnu11;
				GCC_DYNAMIC_NO_PIC = NO;
				GCC_NO_COMMON_BLOCKS = YES;
				GCC_OPTIMIZATION_LEVEL = 0;
				GCC_PREPROCESSOR_DEFINITIONS = (
					"DEBUG=1",
					"$(inherited)",
				);
				GCC_WARN_64_TO_32_BIT_CONVERSION = YES;
				GCC_WARN_ABOUT_RETURN_TYPE = YES_ERROR;
				GCC_WARN_UNDECLARED_SELECTOR = YES;
				GCC_WARN_UNINITIALIZED_AUTOS = YES_AGGRESSIVE;
				GCC_WARN_UNUSED_FUNCTION = YES;
				GCC_WARN_UNUSED_VARIABLE = YES;
				IPHONEOS_DEPLOYMENT_TARGET = 16.0;
				MTL_ENABLE_DEBUG_INFO = INCLUDE_SOURCE;
				MTL_FAST_MATH = YES;
				ONLY_ACTIVE_ARCH = YES;
				SDKROOT = iphoneos;
				SWIFT_ACTIVE_COMPILATION_CONDITIONS = DEBUG;
				SWIFT_OPTIMIZATION_LEVEL = "-Onone";
			};
			name = Debug;
		};
		1459A66B28ED6DF700701EC9 /* Release */ = {
			isa = XCBuildConfiguration;
			buildSettings = {
				ALWAYS_SEARCH_USER_PATHS = NO;
				CLANG_ANALYZER_NONNULL = YES;
				CLANG_ANALYZER_NUMBER_OBJECT_CONVERSION = YES_AGGRESSIVE;
				CLANG_CXX_LANGUAGE_STANDARD = "gnu++20";
				CLANG_ENABLE_MODULES = YES;
				CLANG_ENABLE_OBJC_ARC = YES;
				CLANG_ENABLE_OBJC_WEAK = YES;
				CLANG_WARN_BLOCK_CAPTURE_AUTORELEASING = YES;
				CLANG_WARN_BOOL_CONVERSION = YES;
				CLANG_WARN_COMMA = YES;
				CLANG_WARN_CONSTANT_CONVERSION = YES;
				CLANG_WARN_DEPRECATED_OBJC_IMPLEMENTATIONS = YES;
				CLANG_WARN_DIRECT_OBJC_ISA_USAGE = YES_ERROR;
				CLANG_WARN_DOCUMENTATION_COMMENTS = YES;
				CLANG_WARN_EMPTY_BODY = YES;
				CLANG_WARN_ENUM_CONVERSION = YES;
				CLANG_WARN_INFINITE_RECURSION = YES;
				CLANG_WARN_INT_CONVERSION = YES;
				CLANG_WARN_NON_LITERAL_NULL_CONVERSION = YES;
				CLANG_WARN_OBJC_IMPLICIT_RETAIN_SELF = YES;
				CLANG_WARN_OBJC_LITERAL_CONVERSION = YES;
				CLANG_WARN_OBJC_ROOT_CLASS = YES_ERROR;
				CLANG_WARN_QUOTED_INCLUDE_IN_FRAMEWORK_HEADER = YES;
				CLANG_WARN_RANGE_LOOP_ANALYSIS = YES;
				CLANG_WARN_STRICT_PROTOTYPES = YES;
				CLANG_WARN_SUSPICIOUS_MOVE = YES;
				CLANG_WARN_UNGUARDED_AVAILABILITY = YES_AGGRESSIVE;
				CLANG_WARN_UNREACHABLE_CODE = YES;
				CLANG_WARN__DUPLICATE_METHOD_MATCH = YES;
				COPY_PHASE_STRIP = NO;
				DEBUG_INFORMATION_FORMAT = "dwarf-with-dsym";
				ENABLE_NS_ASSERTIONS = NO;
				ENABLE_STRICT_OBJC_MSGSEND = YES;
				GCC_C_LANGUAGE_STANDARD = gnu11;
				GCC_NO_COMMON_BLOCKS = YES;
				GCC_WARN_64_TO_32_BIT_CONVERSION = YES;
				GCC_WARN_ABOUT_RETURN_TYPE = YES_ERROR;
				GCC_WARN_UNDECLARED_SELECTOR = YES;
				GCC_WARN_UNINITIALIZED_AUTOS = YES_AGGRESSIVE;
				GCC_WARN_UNUSED_FUNCTION = YES;
				GCC_WARN_UNUSED_VARIABLE = YES;
				IPHONEOS_DEPLOYMENT_TARGET = 16.0;
				MTL_ENABLE_DEBUG_INFO = NO;
				MTL_FAST_MATH = YES;
				SDKROOT = iphoneos;
				SWIFT_COMPILATION_MODE = wholemodule;
				SWIFT_OPTIMIZATION_LEVEL = "-O";
				VALIDATE_PRODUCT = YES;
			};
			name = Release;
		};
		1459A66D28ED6DF700701EC9 /* Debug */ = {
			isa = XCBuildConfiguration;
			buildSettings = {
				ASSETCATALOG_COMPILER_APPICON_NAME = AppIcon;
				ASSETCATALOG_COMPILER_GLOBAL_ACCENT_COLOR_NAME = AccentColor;
				CODE_SIGN_STYLE = Automatic;
				CURRENT_PROJECT_VERSION = 1;
				DEVELOPMENT_ASSET_PATHS = "\"MyAssets/Preview Content\"";
				DEVELOPMENT_TEAM = DD66GTY4AT;
				ENABLE_PREVIEWS = YES;
				GENERATE_INFOPLIST_FILE = YES;
				INFOPLIST_KEY_UIApplicationSceneManifest_Generation = YES;
				INFOPLIST_KEY_UIApplicationSupportsIndirectInputEvents = YES;
				INFOPLIST_KEY_UILaunchScreen_Generation = YES;
				INFOPLIST_KEY_UISupportedInterfaceOrientations_iPad = "UIInterfaceOrientationPortrait UIInterfaceOrientationPortraitUpsideDown UIInterfaceOrientationLandscapeLeft UIInterfaceOrientationLandscapeRight";
				INFOPLIST_KEY_UISupportedInterfaceOrientations_iPhone = "UIInterfaceOrientationPortrait UIInterfaceOrientationLandscapeLeft UIInterfaceOrientationLandscapeRight";
				INFOPLIST_KEY_UIUserInterfaceStyle = Light;
				LD_RUNPATH_SEARCH_PATHS = (
					"$(inherited)",
					"@executable_path/Frameworks",
				);
				MARKETING_VERSION = 1.0;
				PRODUCT_BUNDLE_IDENTIFIER = RaeHoon.MyAssets;
				PRODUCT_NAME = "$(TARGET_NAME)";
				SWIFT_EMIT_LOC_STRINGS = YES;
				SWIFT_VERSION = 5.0;
				TARGETED_DEVICE_FAMILY = "1,2";
			};
			name = Debug;
		};
		1459A66E28ED6DF700701EC9 /* Release */ = {
			isa = XCBuildConfiguration;
			buildSettings = {
				ASSETCATALOG_COMPILER_APPICON_NAME = AppIcon;
				ASSETCATALOG_COMPILER_GLOBAL_ACCENT_COLOR_NAME = AccentColor;
				CODE_SIGN_STYLE = Automatic;
				CURRENT_PROJECT_VERSION = 1;
				DEVELOPMENT_ASSET_PATHS = "\"MyAssets/Preview Content\"";
				DEVELOPMENT_TEAM = DD66GTY4AT;
				ENABLE_PREVIEWS = YES;
				GENERATE_INFOPLIST_FILE = YES;
				INFOPLIST_KEY_UIApplicationSceneManifest_Generation = YES;
				INFOPLIST_KEY_UIApplicationSupportsIndirectInputEvents = YES;
				INFOPLIST_KEY_UILaunchScreen_Generation = YES;
				INFOPLIST_KEY_UISupportedInterfaceOrientations_iPad = "UIInterfaceOrientationPortrait UIInterfaceOrientationPortraitUpsideDown UIInterfaceOrientationLandscapeLeft UIInterfaceOrientationLandscapeRight";
				INFOPLIST_KEY_UISupportedInterfaceOrientations_iPhone = "UIInterfaceOrientationPortrait UIInterfaceOrientationLandscapeLeft UIInterfaceOrientationLandscapeRight";
				INFOPLIST_KEY_UIUserInterfaceStyle = Light;
				LD_RUNPATH_SEARCH_PATHS = (
					"$(inherited)",
					"@executable_path/Frameworks",
				);
				MARKETING_VERSION = 1.0;
				PRODUCT_BUNDLE_IDENTIFIER = RaeHoon.MyAssets;
				PRODUCT_NAME = "$(TARGET_NAME)";
				SWIFT_EMIT_LOC_STRINGS = YES;
				SWIFT_VERSION = 5.0;
				TARGETED_DEVICE_FAMILY = "1,2";
			};
			name = Release;
		};
/* End XCBuildConfiguration section */

/* Begin XCConfigurationList section */
		1459A65928ED6DF500701EC9 /* Build configuration list for PBXProject "MyAssets" */ = {
			isa = XCConfigurationList;
			buildConfigurations = (
				1459A66A28ED6DF700701EC9 /* Debug */,
				1459A66B28ED6DF700701EC9 /* Release */,
			);
			defaultConfigurationIsVisible = 0;
			defaultConfigurationName = Release;
		};
		1459A66C28ED6DF700701EC9 /* Build configuration list for PBXNativeTarget "MyAssets" */ = {
			isa = XCConfigurationList;
			buildConfigurations = (
				1459A66D28ED6DF700701EC9 /* Debug */,
				1459A66E28ED6DF700701EC9 /* Release */,
			);
			defaultConfigurationIsVisible = 0;
			defaultConfigurationName = Release;
		};
/* End XCConfigurationList section */
	};
	rootObject = 1459A65628ED6DF500701EC9 /* Project object */;
}
